
Microsoft Visual Studio Solution File, Format Version 12.00
# Visual Studio Version 17
VisualStudioVersion = 17.0.31903.59
MinimumVisualStudioVersion = 10.0.40219.1
Project("{FAE04EC0-301F-11D3-BF4B-00C04F79EFBC}") = "ScoreSphere", "ScoreSphere\ScoreSphere.csproj", "{B0A6393E-243E-4025-A8F4-357E9135716D}"
EndProject
Project("{FAE04EC0-301F-11D3-BF4B-00C04F79EFBC}") = "ScoreSphere.Tests", "ScoreSphere.Tests\ScoreSphere.Tests.csproj", "{ECA81DFD-542B-4700-B75D-81D5C571B062}"
EndProject
Global
	GlobalSection(SolutionConfigurationPlatforms) = preSolution
		Debug|Any CPU = Debug|Any CPU
		Release|Any CPU = Release|Any CPU
	EndGlobalSection
	GlobalSection(SolutionProperties) = preSolution
		HideSolutionNode = FALSE
	EndGlobalSection
	GlobalSection(ProjectConfigurationPlatforms) = postSolution
		{B0A6393E-243E-4025-A8F4-357E9135716D}.Debug|Any CPU.ActiveCfg = Debug|Any CPU
		{B0A6393E-243E-4025-A8F4-357E9135716D}.Debug|Any CPU.Build.0 = Debug|Any CPU
		{B0A6393E-243E-4025-A8F4-357E9135716D}.Release|Any CPU.ActiveCfg = Release|Any CPU
		{B0A6393E-243E-4025-A8F4-357E9135716D}.Release|Any CPU.Build.0 = Release|Any CPU
		{ECA81DFD-542B-4700-B75D-81D5C571B062}.Debug|Any CPU.ActiveCfg = Debug|Any CPU
		{ECA81DFD-542B-4700-B75D-81D5C571B062}.Debug|Any CPU.Build.0 = Debug|Any CPU
		{ECA81DFD-542B-4700-B75D-81D5C571B062}.Release|Any CPU.ActiveCfg = Release|Any CPU
		{ECA81DFD-542B-4700-B75D-81D5C571B062}.Release|Any CPU.Build.0 = Release|Any CPU
	EndGlobalSection
EndGlobal
